
Microsoft Visual Studio Solution File, Format Version 12.00
# Visual Studio 15
VisualStudioVersion = 15.0.28010.2036
MinimumVisualStudioVersion = 10.0.40219.1
Project("{FAE04EC0-301F-11D3-BF4B-00C04F79EFBC}") = "Nest.Bridge.Extensions", "Nest.Bridge.Extensions\Nest.Bridge.Extensions.csproj", "{29941D3A-A4E8-4B66-AAA6-CA2906AF7224}"
EndProject
Global
	GlobalSection(SolutionConfigurationPlatforms) = preSolution
		Debug|Any CPU = Debug|Any CPU
		Release|Any CPU = Release|Any CPU
	EndGlobalSection
	GlobalSection(ProjectConfigurationPlatforms) = postSolution
		{29941D3A-A4E8-4B66-AAA6-CA2906AF7224}.Debug|Any CPU.ActiveCfg = Debug|Any CPU
		{29941D3A-A4E8-4B66-AAA6-CA2906AF7224}.Debug|Any CPU.Build.0 = Debug|Any CPU
		{29941D3A-A4E8-4B66-AAA6-CA2906AF7224}.Release|Any CPU.ActiveCfg = Release|Any CPU
		{29941D3A-A4E8-4B66-AAA6-CA2906AF7224}.Release|Any CPU.Build.0 = Release|Any CPU
	EndGlobalSection
	GlobalSection(SolutionProperties) = preSolution
		HideSolutionNode = FALSE
	EndGlobalSection
	GlobalSection(ExtensibilityGlobals) = postSolution
		SolutionGuid = {853F2386-F391-463E-9936-E50DCD2B472F}
	EndGlobalSection
EndGlobal
